// !$*UTF8*$!
{
	archiveVersion = 1;
	classes = {
	};
	objectVersion = 46;
	objects = {

/* Begin PBXBuildFile section */
		D701374B1E7E9811004986F3 /* UserService.swift in Sources */ = {isa = PBXBuildFile; fileRef = D701374A1E7E9811004986F3 /* UserService.swift */; };
		D70B22AD1E4D86BD008DC4CA /* AppDelegate.swift in Sources */ = {isa = PBXBuildFile; fileRef = D70B22AC1E4D86BD008DC4CA /* AppDelegate.swift */; };
		D70B22B41E4D86BD008DC4CA /* Main.storyboard in Resources */ = {isa = PBXBuildFile; fileRef = D70B22B21E4D86BD008DC4CA /* Main.storyboard */; };
		D70B22C21E4D9C4C008DC4CA /* FirstViewController.swift in Sources */ = {isa = PBXBuildFile; fileRef = D70B22C11E4D9C4C008DC4CA /* FirstViewController.swift */; };
		D70B22C41E4D9C54008DC4CA /* SecondViewController.swift in Sources */ = {isa = PBXBuildFile; fileRef = D70B22C31E4D9C54008DC4CA /* SecondViewController.swift */; };
		D70B22C71E4DA054008DC4CA /* FouthViewController.swift in Sources */ = {isa = PBXBuildFile; fileRef = D70B22C51E4DA054008DC4CA /* FouthViewController.swift */; };
		D70B22C81E4DA054008DC4CA /* ThirdViewController.swift in Sources */ = {isa = PBXBuildFile; fileRef = D70B22C61E4DA054008DC4CA /* ThirdViewController.swift */; };
		D70B22CC1E4DA207008DC4CA /* LoginViewController.swift in Sources */ = {isa = PBXBuildFile; fileRef = D70B22CB1E4DA207008DC4CA /* LoginViewController.swift */; };
		D715A5B51E8E2BDD009A90F5 /* Info.plist in Resources */ = {isa = PBXBuildFile; fileRef = D715A5AD1E8E2BDD009A90F5 /* Info.plist */; };
		D715A5B61E8E2BDD009A90F5 /* SSZipArchive.m in Sources */ = {isa = PBXBuildFile; fileRef = D715A5AF1E8E2BDD009A90F5 /* SSZipArchive.m */; };
		D715A5B71E8E2BDD009A90F5 /* SSZipArchive+Swift.swift in Sources */ = {isa = PBXBuildFile; fileRef = D715A5B01E8E2BDD009A90F5 /* SSZipArchive+Swift.swift */; };
		D715A5B91E8E2C32009A90F5 /* libz.tbd in Frameworks */ = {isa = PBXBuildFile; fileRef = D715A5B81E8E2C32009A90F5 /* libz.tbd */; };
		D715A5BB1E8E2C75009A90F5 /* HTMLService.swift in Sources */ = {isa = PBXBuildFile; fileRef = D715A5BA1E8E2C75009A90F5 /* HTMLService.swift */; };
		D715A5D31E8E2DF1009A90F5 /* aescrypt.c in Sources */ = {isa = PBXBuildFile; fileRef = D715A5C01E8E2DF1009A90F5 /* aescrypt.c */; };
		D715A5D41E8E2DF1009A90F5 /* aeskey.c in Sources */ = {isa = PBXBuildFile; fileRef = D715A5C11E8E2DF1009A90F5 /* aeskey.c */; };
		D715A5D51E8E2DF1009A90F5 /* aestab.c in Sources */ = {isa = PBXBuildFile; fileRef = D715A5C31E8E2DF1009A90F5 /* aestab.c */; };
		D715A5D61E8E2DF1009A90F5 /* entropy.c in Sources */ = {isa = PBXBuildFile; fileRef = D715A5C71E8E2DF1009A90F5 /* entropy.c */; };
		D715A5D71E8E2DF1009A90F5 /* fileenc.c in Sources */ = {isa = PBXBuildFile; fileRef = D715A5C91E8E2DF1009A90F5 /* fileenc.c */; };
		D715A5D81E8E2DF1009A90F5 /* hmac.c in Sources */ = {isa = PBXBuildFile; fileRef = D715A5CB1E8E2DF1009A90F5 /* hmac.c */; };
		D715A5D91E8E2DF1009A90F5 /* prng.c in Sources */ = {isa = PBXBuildFile; fileRef = D715A5CD1E8E2DF1009A90F5 /* prng.c */; };
		D715A5DA1E8E2DF1009A90F5 /* pwd2key.c in Sources */ = {isa = PBXBuildFile; fileRef = D715A5CF1E8E2DF1009A90F5 /* pwd2key.c */; };
		D715A5DB1E8E2DF1009A90F5 /* sha1.c in Sources */ = {isa = PBXBuildFile; fileRef = D715A5D11E8E2DF1009A90F5 /* sha1.c */; };
		D715A5E51E8E2DFD009A90F5 /* ioapi.c in Sources */ = {isa = PBXBuildFile; fileRef = D715A5DD1E8E2DFD009A90F5 /* ioapi.c */; };
		D715A5E61E8E2DFE009A90F5 /* mztools.c in Sources */ = {isa = PBXBuildFile; fileRef = D715A5DF1E8E2DFD009A90F5 /* mztools.c */; };
		D715A5E71E8E2DFE009A90F5 /* unzip.c in Sources */ = {isa = PBXBuildFile; fileRef = D715A5E11E8E2DFD009A90F5 /* unzip.c */; };
		D715A5E81E8E2DFE009A90F5 /* zip.c in Sources */ = {isa = PBXBuildFile; fileRef = D715A5E31E8E2DFD009A90F5 /* zip.c */; };
		D72E8A6D1E7FD069005D8AAC /* Alamofire.framework in Frameworks */ = {isa = PBXBuildFile; fileRef = D72E8A6C1E7FD05B005D8AAC /* Alamofire.framework */; };
		D72E8A6E1E7FD069005D8AAC /* Alamofire.framework in Embed Frameworks */ = {isa = PBXBuildFile; fileRef = D72E8A6C1E7FD05B005D8AAC /* Alamofire.framework */; settings = {ATTRIBUTES = (CodeSignOnCopy, RemoveHeadersOnCopy, ); }; };
		D72E8A771E7FD0BC005D8AAC /* SwiftyJSON.framework in Frameworks */ = {isa = PBXBuildFile; fileRef = D72E8A761E7FD0B0005D8AAC /* SwiftyJSON.framework */; };
		D72E8A781E7FD0BC005D8AAC /* SwiftyJSON.framework in Embed Frameworks */ = {isa = PBXBuildFile; fileRef = D72E8A761E7FD0B0005D8AAC /* SwiftyJSON.framework */; settings = {ATTRIBUTES = (CodeSignOnCopy, RemoveHeadersOnCopy, ); }; };
		D72E8A831E7FD1B5005D8AAC /* data.db in Resources */ = {isa = PBXBuildFile; fileRef = D72E8A7F1E7FD1B5005D8AAC /* data.db */; };
		D72E8A841E7FD1B5005D8AAC /* SQLiteDB.swift in Sources */ = {isa = PBXBuildFile; fileRef = D72E8A801E7FD1B5005D8AAC /* SQLiteDB.swift */; };
		D72E8A851E7FD1B5005D8AAC /* SQLTable.swift in Sources */ = {isa = PBXBuildFile; fileRef = D72E8A811E7FD1B5005D8AAC /* SQLTable.swift */; };
		D72E8A861E7FD1B5005D8AAC /* String-Extras.swift in Sources */ = {isa = PBXBuildFile; fileRef = D72E8A821E7FD1B5005D8AAC /* String-Extras.swift */; };
		D72E8A8B1E7FD1FB005D8AAC /* libsqlite3.tbd in Frameworks */ = {isa = PBXBuildFile; fileRef = D72E8A8A1E7FD1FB005D8AAC /* libsqlite3.tbd */; };
		D72E8A8D1E7FD2D2005D8AAC /* SQliteRepository.swift in Sources */ = {isa = PBXBuildFile; fileRef = D72E8A8C1E7FD2D2005D8AAC /* SQliteRepository.swift */; };
		D72E8A8F1E7FD3C2005D8AAC /* AuthenticationService.swift in Sources */ = {isa = PBXBuildFile; fileRef = D72E8A8E1E7FD3C2005D8AAC /* AuthenticationService.swift */; };
		D72E8A921E7FD6BA005D8AAC /* AuthenUser.swift in Sources */ = {isa = PBXBuildFile; fileRef = D72E8A911E7FD6BA005D8AAC /* AuthenUser.swift */; };
		D73E2D351E76866F0096A97A /* BaseStoryBoardSegue.swift in Sources */ = {isa = PBXBuildFile; fileRef = D73E2D341E76866F0096A97A /* BaseStoryBoardSegue.swift */; };
		D73E2D371E7686AB0096A97A /* BaseTabBarController.swift in Sources */ = {isa = PBXBuildFile; fileRef = D73E2D361E7686AB0096A97A /* BaseTabBarController.swift */; };
		D766AC321E8CC89600A7A2F4 /* AlamofireHeaders.swift in Sources */ = {isa = PBXBuildFile; fileRef = D766AC311E8CC89600A7A2F4 /* AlamofireHeaders.swift */; };
		D76B303C1E7D516F00DEC7B2 /* BaseNavigationController.swift in Sources */ = {isa = PBXBuildFile; fileRef = D76B303B1E7D516F00DEC7B2 /* BaseNavigationController.swift */; };
		D7733E1C1E7BC5AF00E0AF1F /* GlobalAppSetting.swift in Sources */ = {isa = PBXBuildFile; fileRef = D7733E1B1E7BC5AF00E0AF1F /* GlobalAppSetting.swift */; };
		D77EFBA01E8E3B97004ADFE3 /* MenusObserver.swift in Sources */ = {isa = PBXBuildFile; fileRef = D77EFB9F1E8E3B97004ADFE3 /* MenusObserver.swift */; };
		D788E24C1E7943BC00B0DF1F /* Assets.xcassets in Resources */ = {isa = PBXBuildFile; fileRef = D788E24B1E7943BC00B0DF1F /* Assets.xcassets */; };
		D7CEB3721E77D4EA003FC739 /* ImageUtils.swift in Sources */ = {isa = PBXBuildFile; fileRef = D7CEB3711E77D4EA003FC739 /* ImageUtils.swift */; };
		D7CEB3761E77DA86003FC739 /* AlertControllerUtils.swift in Sources */ = {isa = PBXBuildFile; fileRef = D7CEB3731E77DA86003FC739 /* AlertControllerUtils.swift */; };
		D7CEB3771E77DA86003FC739 /* DateTimeUtils.swift in Sources */ = {isa = PBXBuildFile; fileRef = D7CEB3741E77DA86003FC739 /* DateTimeUtils.swift */; };
		D7CEB3781E77DA86003FC739 /* TouchIDUtils.swift in Sources */ = {isa = PBXBuildFile; fileRef = D7CEB3751E77DA86003FC739 /* TouchIDUtils.swift */; };
		D7CEB37B1E77DA98003FC739 /* NSDateExtension.swift in Sources */ = {isa = PBXBuildFile; fileRef = D7CEB3791E77DA98003FC739 /* NSDateExtension.swift */; };
		D7CEB37C1E77DA98003FC739 /* NSObjectExtension.swift in Sources */ = {isa = PBXBuildFile; fileRef = D7CEB37A1E77DA98003FC739 /* NSObjectExtension.swift */; };
		D7D97C941E7A29CB001FA3D6 /* FileUtils.swift in Sources */ = {isa = PBXBuildFile; fileRef = D7D97C931E7A29CB001FA3D6 /* FileUtils.swift */; };
		D7E40D461E7967C700CF73FF /* Launch Screen.storyboard in Resources */ = {isa = PBXBuildFile; fileRef = D7E40D441E7967C700CF73FF /* Launch Screen.storyboard */; };
/* End PBXBuildFile section */

/* Begin PBXContainerItemProxy section */
		D72E8A6B1E7FD05B005D8AAC /* PBXContainerItemProxy */ = {
			isa = PBXContainerItemProxy;
			containerPortal = D72E8A661E7FD05B005D8AAC /* Alamofire.xcodeproj */;
			proxyType = 2;
			remoteGlobalIDString = D78CBC331E233F6A00E47DB8;
			remoteInfo = "Alamofire iOS";
		};
		D72E8A6F1E7FD069005D8AAC /* PBXContainerItemProxy */ = {
			isa = PBXContainerItemProxy;
			containerPortal = D72E8A661E7FD05B005D8AAC /* Alamofire.xcodeproj */;
			proxyType = 1;
			remoteGlobalIDString = F8111E3219A95C8B0040E7D1;
			remoteInfo = "Alamofire iOS";
		};
		D72E8A751E7FD0B0005D8AAC /* PBXContainerItemProxy */ = {
			isa = PBXContainerItemProxy;
			containerPortal = D72E8A711E7FD0AF005D8AAC /* SwiftyJSON.xcodeproj */;
			proxyType = 2;
			remoteGlobalIDString = 2E4FEFDB19575BE100351305;
			remoteInfo = "SwiftyJSON iOS";
		};
		D72E8A791E7FD0BC005D8AAC /* PBXContainerItemProxy */ = {
			isa = PBXContainerItemProxy;
			containerPortal = D72E8A711E7FD0AF005D8AAC /* SwiftyJSON.xcodeproj */;
			proxyType = 1;
			remoteGlobalIDString = 2E4FEFDA19575BE100351305;
			remoteInfo = "SwiftyJSON iOS";
		};
		D7FB3AFF1E8CE61000B31E1A /* PBXContainerItemProxy */ = {
			isa = PBXContainerItemProxy;
			containerPortal = D7FB3AF81E8CE61000B31E1A /* NVActivityIndicatorView.xcodeproj */;
			proxyType = 2;
			remoteGlobalIDString = 90A8792F1BA554A0001C8989;
			remoteInfo = NVActivityIndicatorView;
		};
/* End PBXContainerItemProxy section */

/* Begin PBXCopyFilesBuildPhase section */
		D72E8A461E7FC985005D8AAC /* Embed Frameworks */ = {
			isa = PBXCopyFilesBuildPhase;
			buildActionMask = 2147483647;
			dstPath = "";
			dstSubfolderSpec = 10;
			files = (
				D72E8A781E7FD0BC005D8AAC /* SwiftyJSON.framework in Embed Frameworks */,
				D72E8A6E1E7FD069005D8AAC /* Alamofire.framework in Embed Frameworks */,
			);
			name = "Embed Frameworks";
			runOnlyForDeploymentPostprocessing = 0;
		};
/* End PBXCopyFilesBuildPhase section */

/* Begin PBXFileReference section */
		D701374A1E7E9811004986F3 /* UserService.swift */ = {isa = PBXFileReference; fileEncoding = 4; lastKnownFileType = sourcecode.swift; name = UserService.swift; path = Services/UserService.swift; sourceTree = "<group>"; };
		D70B22A91E4D86BD008DC4CA /* RekTecCRM.app */ = {isa = PBXFileReference; explicitFileType = wrapper.application; includeInIndex = 0; path = RekTecCRM.app; sourceTree = BUILT_PRODUCTS_DIR; };
		D70B22AC1E4D86BD008DC4CA /* AppDelegate.swift */ = {isa = PBXFileReference; lastKnownFileType = sourcecode.swift; path = AppDelegate.swift; sourceTree = "<group>"; };
		D70B22B31E4D86BD008DC4CA /* Base */ = {isa = PBXFileReference; lastKnownFileType = file.storyboard; name = Base; path = Base.lproj/Main.storyboard; sourceTree = "<group>"; };
		D70B22BA1E4D86BD008DC4CA /* Info.plist */ = {isa = PBXFileReference; lastKnownFileType = text.plist.xml; path = Info.plist; sourceTree = "<group>"; };
		D70B22C11E4D9C4C008DC4CA /* FirstViewController.swift */ = {isa = PBXFileReference; fileEncoding = 4; lastKnownFileType = sourcecode.swift; name = FirstViewController.swift; path = Views/FirstViewController.swift; sourceTree = "<group>"; };
		D70B22C31E4D9C54008DC4CA /* SecondViewController.swift */ = {isa = PBXFileReference; fileEncoding = 4; lastKnownFileType = sourcecode.swift; name = SecondViewController.swift; path = Views/SecondViewController.swift; sourceTree = "<group>"; };
		D70B22C51E4DA054008DC4CA /* FouthViewController.swift */ = {isa = PBXFileReference; fileEncoding = 4; lastKnownFileType = sourcecode.swift; name = FouthViewController.swift; path = Views/FouthViewController.swift; sourceTree = "<group>"; };
		D70B22C61E4DA054008DC4CA /* ThirdViewController.swift */ = {isa = PBXFileReference; fileEncoding = 4; lastKnownFileType = sourcecode.swift; name = ThirdViewController.swift; path = Views/ThirdViewController.swift; sourceTree = "<group>"; };
		D70B22CB1E4DA207008DC4CA /* LoginViewController.swift */ = {isa = PBXFileReference; fileEncoding = 4; lastKnownFileType = sourcecode.swift; name = LoginViewController.swift; path = Views/LoginViewController.swift; sourceTree = "<group>"; };
		D715A5AD1E8E2BDD009A90F5 /* Info.plist */ = {isa = PBXFileReference; fileEncoding = 4; lastKnownFileType = text.plist.xml; name = Info.plist; path = SSZip/Info.plist; sourceTree = "<group>"; };
		D715A5AE1E8E2BDD009A90F5 /* SSZipArchive.h */ = {isa = PBXFileReference; fileEncoding = 4; lastKnownFileType = sourcecode.c.h; name = SSZipArchive.h; path = SSZip/SSZipArchive.h; sourceTree = "<group>"; };
		D715A5AF1E8E2BDD009A90F5 /* SSZipArchive.m */ = {isa = PBXFileReference; fileEncoding = 4; lastKnownFileType = sourcecode.c.objc; name = SSZipArchive.m; path = SSZip/SSZipArchive.m; sourceTree = "<group>"; };
		D715A5B01E8E2BDD009A90F5 /* SSZipArchive+Swift.swift */ = {isa = PBXFileReference; fileEncoding = 4; lastKnownFileType = sourcecode.swift; name = "SSZipArchive+Swift.swift"; path = "SSZip/SSZipArchive+Swift.swift"; sourceTree = "<group>"; };
		D715A5B11E8E2BDD009A90F5 /* SSZipCommon.h */ = {isa = PBXFileReference; fileEncoding = 4; lastKnownFileType = sourcecode.c.h; name = SSZipCommon.h; path = SSZip/SSZipCommon.h; sourceTree = "<group>"; };
		D715A5B21E8E2BDD009A90F5 /* ZipArchive.h */ = {isa = PBXFileReference; fileEncoding = 4; lastKnownFileType = sourcecode.c.h; name = ZipArchive.h; path = SSZip/ZipArchive.h; sourceTree = "<group>"; };
		D715A5B81E8E2C32009A90F5 /* libz.tbd */ = {isa = PBXFileReference; lastKnownFileType = "sourcecode.text-based-dylib-definition"; name = libz.tbd; path = usr/lib/libz.tbd; sourceTree = SDKROOT; };
		D715A5BA1E8E2C75009A90F5 /* HTMLService.swift */ = {isa = PBXFileReference; fileEncoding = 4; lastKnownFileType = sourcecode.swift; name = HTMLService.swift; path = Services/HTMLService.swift; sourceTree = "<group>"; };
		D715A5BE1E8E2DF1009A90F5 /* aes_via_ace.h */ = {isa = PBXFileReference; fileEncoding = 4; lastKnownFileType = sourcecode.c.h; name = aes_via_ace.h; path = SSZip/aes/aes_via_ace.h; sourceTree = "<group>"; };
		D715A5BF1E8E2DF1009A90F5 /* aes.h */ = {isa = PBXFileReference; fileEncoding = 4; lastKnownFileType = sourcecode.c.h; name = aes.h; path = SSZip/aes/aes.h; sourceTree = "<group>"; };
		D715A5C01E8E2DF1009A90F5 /* aescrypt.c */ = {isa = PBXFileReference; fileEncoding = 4; lastKnownFileType = sourcecode.c.c; name = aescrypt.c; path = SSZip/aes/aescrypt.c; sourceTree = "<group>"; };
		D715A5C11E8E2DF1009A90F5 /* aeskey.c */ = {isa = PBXFileReference; fileEncoding = 4; lastKnownFileType = sourcecode.c.c; name = aeskey.c; path = SSZip/aes/aeskey.c; sourceTree = "<group>"; };
		D715A5C21E8E2DF1009A90F5 /* aesopt.h */ = {isa = PBXFileReference; fileEncoding = 4; lastKnownFileType = sourcecode.c.h; name = aesopt.h; path = SSZip/aes/aesopt.h; sourceTree = "<group>"; };
		D715A5C31E8E2DF1009A90F5 /* aestab.c */ = {isa = PBXFileReference; fileEncoding = 4; lastKnownFileType = sourcecode.c.c; name = aestab.c; path = SSZip/aes/aestab.c; sourceTree = "<group>"; };
		D715A5C41E8E2DF1009A90F5 /* aestab.h */ = {isa = PBXFileReference; fileEncoding = 4; lastKnownFileType = sourcecode.c.h; name = aestab.h; path = SSZip/aes/aestab.h; sourceTree = "<group>"; };
		D715A5C51E8E2DF1009A90F5 /* brg_endian.h */ = {isa = PBXFileReference; fileEncoding = 4; lastKnownFileType = sourcecode.c.h; name = brg_endian.h; path = SSZip/aes/brg_endian.h; sourceTree = "<group>"; };
		D715A5C61E8E2DF1009A90F5 /* brg_types.h */ = {isa = PBXFileReference; fileEncoding = 4; lastKnownFileType = sourcecode.c.h; name = brg_types.h; path = SSZip/aes/brg_types.h; sourceTree = "<group>"; };
		D715A5C71E8E2DF1009A90F5 /* entropy.c */ = {isa = PBXFileReference; fileEncoding = 4; lastKnownFileType = sourcecode.c.c; name = entropy.c; path = SSZip/aes/entropy.c; sourceTree = "<group>"; };
		D715A5C81E8E2DF1009A90F5 /* entropy.h */ = {isa = PBXFileReference; fileEncoding = 4; lastKnownFileType = sourcecode.c.h; name = entropy.h; path = SSZip/aes/entropy.h; sourceTree = "<group>"; };
		D715A5C91E8E2DF1009A90F5 /* fileenc.c */ = {isa = PBXFileReference; fileEncoding = 4; lastKnownFileType = sourcecode.c.c; name = fileenc.c; path = SSZip/aes/fileenc.c; sourceTree = "<group>"; };
		D715A5CA1E8E2DF1009A90F5 /* fileenc.h */ = {isa = PBXFileReference; fileEncoding = 4; lastKnownFileType = sourcecode.c.h; name = fileenc.h; path = SSZip/aes/fileenc.h; sourceTree = "<group>"; };
		D715A5CB1E8E2DF1009A90F5 /* hmac.c */ = {isa = PBXFileReference; fileEncoding = 4; lastKnownFileType = sourcecode.c.c; name = hmac.c; path = SSZip/aes/hmac.c; sourceTree = "<group>"; };
		D715A5CC1E8E2DF1009A90F5 /* hmac.h */ = {isa = PBXFileReference; fileEncoding = 4; lastKnownFileType = sourcecode.c.h; name = hmac.h; path = SSZip/aes/hmac.h; sourceTree = "<group>"; };
		D715A5CD1E8E2DF1009A90F5 /* prng.c */ = {isa = PBXFileReference; fileEncoding = 4; lastKnownFileType = sourcecode.c.c; name = prng.c; path = SSZip/aes/prng.c; sourceTree = "<group>"; };
		D715A5CE1E8E2DF1009A90F5 /* prng.h */ = {isa = PBXFileReference; fileEncoding = 4; lastKnownFileType = sourcecode.c.h; name = prng.h; path = SSZip/aes/prng.h; sourceTree = "<group>"; };
		D715A5CF1E8E2DF1009A90F5 /* pwd2key.c */ = {isa = PBXFileReference; fileEncoding = 4; lastKnownFileType = sourcecode.c.c; name = pwd2key.c; path = SSZip/aes/pwd2key.c; sourceTree = "<group>"; };
		D715A5D01E8E2DF1009A90F5 /* pwd2key.h */ = {isa = PBXFileReference; fileEncoding = 4; lastKnownFileType = sourcecode.c.h; name = pwd2key.h; path = SSZip/aes/pwd2key.h; sourceTree = "<group>"; };
		D715A5D11E8E2DF1009A90F5 /* sha1.c */ = {isa = PBXFileReference; fileEncoding = 4; lastKnownFileType = sourcecode.c.c; name = sha1.c; path = SSZip/aes/sha1.c; sourceTree = "<group>"; };
		D715A5D21E8E2DF1009A90F5 /* sha1.h */ = {isa = PBXFileReference; fileEncoding = 4; lastKnownFileType = sourcecode.c.h; name = sha1.h; path = SSZip/aes/sha1.h; sourceTree = "<group>"; };
		D715A5DC1E8E2DFD009A90F5 /* crypt.h */ = {isa = PBXFileReference; fileEncoding = 4; lastKnownFileType = sourcecode.c.h; name = crypt.h; path = SSZip/minizip/crypt.h; sourceTree = "<group>"; };
		D715A5DD1E8E2DFD009A90F5 /* ioapi.c */ = {isa = PBXFileReference; fileEncoding = 4; lastKnownFileType = sourcecode.c.c; name = ioapi.c; path = SSZip/minizip/ioapi.c; sourceTree = "<group>"; };
		D715A5DE1E8E2DFD009A90F5 /* ioapi.h */ = {isa = PBXFileReference; fileEncoding = 4; lastKnownFileType = sourcecode.c.h; name = ioapi.h; path = SSZip/minizip/ioapi.h; sourceTree = "<group>"; };
		D715A5DF1E8E2DFD009A90F5 /* mztools.c */ = {isa = PBXFileReference; fileEncoding = 4; lastKnownFileType = sourcecode.c.c; name = mztools.c; path = SSZip/minizip/mztools.c; sourceTree = "<group>"; };
		D715A5E01E8E2DFD009A90F5 /* mztools.h */ = {isa = PBXFileReference; fileEncoding = 4; lastKnownFileType = sourcecode.c.h; name = mztools.h; path = SSZip/minizip/mztools.h; sourceTree = "<group>"; };
		D715A5E11E8E2DFD009A90F5 /* unzip.c */ = {isa = PBXFileReference; fileEncoding = 4; lastKnownFileType = sourcecode.c.c; name = unzip.c; path = SSZip/minizip/unzip.c; sourceTree = "<group>"; };
		D715A5E21E8E2DFD009A90F5 /* unzip.h */ = {isa = PBXFileReference; fileEncoding = 4; lastKnownFileType = sourcecode.c.h; name = unzip.h; path = SSZip/minizip/unzip.h; sourceTree = "<group>"; };
		D715A5E31E8E2DFD009A90F5 /* zip.c */ = {isa = PBXFileReference; fileEncoding = 4; lastKnownFileType = sourcecode.c.c; name = zip.c; path = SSZip/minizip/zip.c; sourceTree = "<group>"; };
		D715A5E41E8E2DFD009A90F5 /* zip.h */ = {isa = PBXFileReference; fileEncoding = 4; lastKnownFileType = sourcecode.c.h; name = zip.h; path = SSZip/minizip/zip.h; sourceTree = "<group>"; };
		D72E8A661E7FD05B005D8AAC /* Alamofire.xcodeproj */ = {isa = PBXFileReference; lastKnownFileType = "wrapper.pb-project"; name = Alamofire.xcodeproj; path = "Libraries/Alamofire-master/Alamofire.xcodeproj"; sourceTree = "<group>"; };
		D72E8A711E7FD0AF005D8AAC /* SwiftyJSON.xcodeproj */ = {isa = PBXFileReference; lastKnownFileType = "wrapper.pb-project"; name = SwiftyJSON.xcodeproj; path = "Libraries/SwiftyJSON-master/SwiftyJSON.xcodeproj"; sourceTree = "<group>"; };
		D72E8A7E1E7FD1B5005D8AAC /* Bridging-Header.h */ = {isa = PBXFileReference; fileEncoding = 4; lastKnownFileType = sourcecode.c.h; name = "Bridging-Header.h"; path = "SQliteDB/Bridging-Header.h"; sourceTree = "<group>"; };
		D72E8A7F1E7FD1B5005D8AAC /* data.db */ = {isa = PBXFileReference; lastKnownFileType = file; name = data.db; path = SQliteDB/data.db; sourceTree = "<group>"; };
		D72E8A801E7FD1B5005D8AAC /* SQLiteDB.swift */ = {isa = PBXFileReference; fileEncoding = 4; lastKnownFileType = sourcecode.swift; name = SQLiteDB.swift; path = SQliteDB/SQLiteDB.swift; sourceTree = "<group>"; };
		D72E8A811E7FD1B5005D8AAC /* SQLTable.swift */ = {isa = PBXFileReference; fileEncoding = 4; lastKnownFileType = sourcecode.swift; name = SQLTable.swift; path = SQliteDB/SQLTable.swift; sourceTree = "<group>"; };
		D72E8A821E7FD1B5005D8AAC /* String-Extras.swift */ = {isa = PBXFileReference; fileEncoding = 4; lastKnownFileType = sourcecode.swift; name = "String-Extras.swift"; path = "SQliteDB/String-Extras.swift"; sourceTree = "<group>"; };
		D72E8A881E7FD1DF005D8AAC /* libsqlite3.0.tbd */ = {isa = PBXFileReference; lastKnownFileType = "sourcecode.text-based-dylib-definition"; name = libsqlite3.0.tbd; path = usr/lib/libsqlite3.0.tbd; sourceTree = SDKROOT; };
		D72E8A8A1E7FD1FB005D8AAC /* libsqlite3.tbd */ = {isa = PBXFileReference; lastKnownFileType = "sourcecode.text-based-dylib-definition"; name = libsqlite3.tbd; path = usr/lib/libsqlite3.tbd; sourceTree = SDKROOT; };
		D72E8A8C1E7FD2D2005D8AAC /* SQliteRepository.swift */ = {isa = PBXFileReference; fileEncoding = 4; lastKnownFileType = sourcecode.swift; name = SQliteRepository.swift; path = Utils/SQliteRepository.swift; sourceTree = "<group>"; };
		D72E8A8E1E7FD3C2005D8AAC /* AuthenticationService.swift */ = {isa = PBXFileReference; fileEncoding = 4; lastKnownFileType = sourcecode.swift; name = AuthenticationService.swift; path = Services/AuthenticationService.swift; sourceTree = "<group>"; };
		D72E8A911E7FD6BA005D8AAC /* AuthenUser.swift */ = {isa = PBXFileReference; fileEncoding = 4; lastKnownFileType = sourcecode.swift; name = AuthenUser.swift; path = Models/AuthenUser.swift; sourceTree = "<group>"; };
		D73E2D341E76866F0096A97A /* BaseStoryBoardSegue.swift */ = {isa = PBXFileReference; fileEncoding = 4; lastKnownFileType = sourcecode.swift; name = BaseStoryBoardSegue.swift; path = Base/BaseStoryBoardSegue.swift; sourceTree = "<group>"; };
		D73E2D361E7686AB0096A97A /* BaseTabBarController.swift */ = {isa = PBXFileReference; fileEncoding = 4; lastKnownFileType = sourcecode.swift; name = BaseTabBarController.swift; path = Base/BaseTabBarController.swift; sourceTree = "<group>"; };
		D766AC311E8CC89600A7A2F4 /* AlamofireHeaders.swift */ = {isa = PBXFileReference; fileEncoding = 4; lastKnownFileType = sourcecode.swift; name = AlamofireHeaders.swift; path = Utils/AlamofireHeaders.swift; sourceTree = "<group>"; };
		D76B303B1E7D516F00DEC7B2 /* BaseNavigationController.swift */ = {isa = PBXFileReference; fileEncoding = 4; lastKnownFileType = sourcecode.swift; name = BaseNavigationController.swift; path = Base/BaseNavigationController.swift; sourceTree = "<group>"; };
		D7733E1B1E7BC5AF00E0AF1F /* GlobalAppSetting.swift */ = {isa = PBXFileReference; fileEncoding = 4; lastKnownFileType = sourcecode.swift; name = GlobalAppSetting.swift; path = Configuration/GlobalAppSetting.swift; sourceTree = "<group>"; };
		D77EFB9F1E8E3B97004ADFE3 /* MenusObserver.swift */ = {isa = PBXFileReference; fileEncoding = 4; lastKnownFileType = sourcecode.swift; name = MenusObserver.swift; path = Observer/MenusObserver.swift; sourceTree = "<group>"; };
		D788E24B1E7943BC00B0DF1F /* Assets.xcassets */ = {isa = PBXFileReference; lastKnownFileType = folder.assetcatalog; path = Assets.xcassets; sourceTree = "<group>"; };
		D7CEB3711E77D4EA003FC739 /* ImageUtils.swift */ = {isa = PBXFileReference; fileEncoding = 4; lastKnownFileType = sourcecode.swift; name = ImageUtils.swift; path = Utils/ImageUtils.swift; sourceTree = "<group>"; };
		D7CEB3731E77DA86003FC739 /* AlertControllerUtils.swift */ = {isa = PBXFileReference; fileEncoding = 4; lastKnownFileType = sourcecode.swift; name = AlertControllerUtils.swift; path = Utils/AlertControllerUtils.swift; sourceTree = "<group>"; };
		D7CEB3741E77DA86003FC739 /* DateTimeUtils.swift */ = {isa = PBXFileReference; fileEncoding = 4; lastKnownFileType = sourcecode.swift; name = DateTimeUtils.swift; path = Utils/DateTimeUtils.swift; sourceTree = "<group>"; };
		D7CEB3751E77DA86003FC739 /* TouchIDUtils.swift */ = {isa = PBXFileReference; fileEncoding = 4; lastKnownFileType = sourcecode.swift; name = TouchIDUtils.swift; path = Utils/TouchIDUtils.swift; sourceTree = "<group>"; };
		D7CEB3791E77DA98003FC739 /* NSDateExtension.swift */ = {isa = PBXFileReference; fileEncoding = 4; lastKnownFileType = sourcecode.swift; name = NSDateExtension.swift; path = Extentisons/NSDateExtension.swift; sourceTree = "<group>"; };
		D7CEB37A1E77DA98003FC739 /* NSObjectExtension.swift */ = {isa = PBXFileReference; fileEncoding = 4; lastKnownFileType = sourcecode.swift; name = NSObjectExtension.swift; path = Extentisons/NSObjectExtension.swift; sourceTree = "<group>"; };
		D7D97C931E7A29CB001FA3D6 /* FileUtils.swift */ = {isa = PBXFileReference; fileEncoding = 4; lastKnownFileType = sourcecode.swift; name = FileUtils.swift; path = Utils/FileUtils.swift; sourceTree = "<group>"; };
		D7E40D451E7967C700CF73FF /* Base */ = {isa = PBXFileReference; lastKnownFileType = file.storyboard; name = Base; path = "Base.lproj/Launch Screen.storyboard"; sourceTree = "<group>"; };
		D7FB3AF81E8CE61000B31E1A /* NVActivityIndicatorView.xcodeproj */ = {isa = PBXFileReference; lastKnownFileType = "wrapper.pb-project"; name = NVActivityIndicatorView.xcodeproj; path = "Libraries/NVActivityIndicatorView-master/NVActivityIndicatorView.xcodeproj"; sourceTree = "<group>"; };
/* End PBXFileReference section */

/* Begin PBXFrameworksBuildPhase section */
		D70B22A61E4D86BD008DC4CA /* Frameworks */ = {
			isa = PBXFrameworksBuildPhase;
			buildActionMask = 2147483647;
			files = (
				D715A5B91E8E2C32009A90F5 /* libz.tbd in Frameworks */,
				D72E8A8B1E7FD1FB005D8AAC /* libsqlite3.tbd in Frameworks */,
				D72E8A771E7FD0BC005D8AAC /* SwiftyJSON.framework in Frameworks */,
				D72E8A6D1E7FD069005D8AAC /* Alamofire.framework in Frameworks */,
			);
			runOnlyForDeploymentPostprocessing = 0;
		};
/* End PBXFrameworksBuildPhase section */

/* Begin PBXGroup section */
		D70137491E7E97B8004986F3 /* Services */ = {
			isa = PBXGroup;
			children = (
				D72E8A8E1E7FD3C2005D8AAC /* AuthenticationService.swift */,
				D715A5BA1E8E2C75009A90F5 /* HTMLService.swift */,
				D701374A1E7E9811004986F3 /* UserService.swift */,
			);
			name = Services;
			sourceTree = "<group>";
		};
		D70B22A01E4D86BD008DC4CA = {
			isa = PBXGroup;
			children = (
				D70B22AB1E4D86BD008DC4CA /* RekTecCRM */,
				D70B22AA1E4D86BD008DC4CA /* Products */,
				D72E8A871E7FD1DE005D8AAC /* Frameworks */,
			);
			sourceTree = "<group>";
		};
		D70B22AA1E4D86BD008DC4CA /* Products */ = {
			isa = PBXGroup;
			children = (
				D70B22A91E4D86BD008DC4CA /* RekTecCRM.app */,
			);
			name = Products;
			sourceTree = "<group>";
		};
		D70B22AB1E4D86BD008DC4CA /* RekTecCRM */ = {
			isa = PBXGroup;
			children = (
				D77D5D9D1E7A880600596138 /* Libraries */,
				D715A5A81E8E2BC6009A90F5 /* SSZip */,
				D72E8A7D1E7FD18E005D8AAC /* SQLiteDB */,
				D7733E1A1E7BC56100E0AF1F /* Configuration */,
				D77EFB9E1E8E3B4D004ADFE3 /* Observer */,
				D70137491E7E97B8004986F3 /* Services */,
				D72E8A901E7FD632005D8AAC /* Models */,
				D73E2D331E7686160096A97A /* Base */,
				D70B22C01E4D9C38008DC4CA /* Views */,
				D7D316801E76D430003A149C /* Extentisons */,
				D7CEB3701E77D4CA003FC739 /* Utils */,
				D70B22AC1E4D86BD008DC4CA /* AppDelegate.swift */,
				D70B22B21E4D86BD008DC4CA /* Main.storyboard */,
				D7E40D441E7967C700CF73FF /* Launch Screen.storyboard */,
				D788E24B1E7943BC00B0DF1F /* Assets.xcassets */,
				D70B22BA1E4D86BD008DC4CA /* Info.plist */,
			);
			path = RekTecCRM;
			sourceTree = "<group>";
		};
		D70B22C01E4D9C38008DC4CA /* Views */ = {
			isa = PBXGroup;
			children = (
				D70B22CB1E4DA207008DC4CA /* LoginViewController.swift */,
				D70B22C11E4D9C4C008DC4CA /* FirstViewController.swift */,
				D70B22C31E4D9C54008DC4CA /* SecondViewController.swift */,
				D70B22C61E4DA054008DC4CA /* ThirdViewController.swift */,
				D70B22C51E4DA054008DC4CA /* FouthViewController.swift */,
			);
			name = Views;
			sourceTree = "<group>";
		};
		D715A5A81E8E2BC6009A90F5 /* SSZip */ = {
			isa = PBXGroup;
			children = (
				D715A5BD1E8E2DCC009A90F5 /* aes */,
				D715A5BC1E8E2DC9009A90F5 /* minizip */,
				D715A5AD1E8E2BDD009A90F5 /* Info.plist */,
				D715A5AE1E8E2BDD009A90F5 /* SSZipArchive.h */,
				D715A5AF1E8E2BDD009A90F5 /* SSZipArchive.m */,
				D715A5B01E8E2BDD009A90F5 /* SSZipArchive+Swift.swift */,
				D715A5B11E8E2BDD009A90F5 /* SSZipCommon.h */,
				D715A5B21E8E2BDD009A90F5 /* ZipArchive.h */,
			);
			name = SSZip;
			sourceTree = "<group>";
		};
		D715A5BC1E8E2DC9009A90F5 /* minizip */ = {
			isa = PBXGroup;
			children = (
				D715A5DC1E8E2DFD009A90F5 /* crypt.h */,
				D715A5DD1E8E2DFD009A90F5 /* ioapi.c */,
				D715A5DE1E8E2DFD009A90F5 /* ioapi.h */,
				D715A5DF1E8E2DFD009A90F5 /* mztools.c */,
				D715A5E01E8E2DFD009A90F5 /* mztools.h */,
				D715A5E11E8E2DFD009A90F5 /* unzip.c */,
				D715A5E21E8E2DFD009A90F5 /* unzip.h */,
				D715A5E31E8E2DFD009A90F5 /* zip.c */,
				D715A5E41E8E2DFD009A90F5 /* zip.h */,
			);
			name = minizip;
			sourceTree = "<group>";
		};
		D715A5BD1E8E2DCC009A90F5 /* aes */ = {
			isa = PBXGroup;
			children = (
				D715A5BE1E8E2DF1009A90F5 /* aes_via_ace.h */,
				D715A5BF1E8E2DF1009A90F5 /* aes.h */,
				D715A5C01E8E2DF1009A90F5 /* aescrypt.c */,
				D715A5C11E8E2DF1009A90F5 /* aeskey.c */,
				D715A5C21E8E2DF1009A90F5 /* aesopt.h */,
				D715A5C31E8E2DF1009A90F5 /* aestab.c */,
				D715A5C41E8E2DF1009A90F5 /* aestab.h */,
				D715A5C51E8E2DF1009A90F5 /* brg_endian.h */,
				D715A5C61E8E2DF1009A90F5 /* brg_types.h */,
				D715A5C71E8E2DF1009A90F5 /* entropy.c */,
				D715A5C81E8E2DF1009A90F5 /* entropy.h */,
				D715A5C91E8E2DF1009A90F5 /* fileenc.c */,
				D715A5CA1E8E2DF1009A90F5 /* fileenc.h */,
				D715A5CB1E8E2DF1009A90F5 /* hmac.c */,
				D715A5CC1E8E2DF1009A90F5 /* hmac.h */,
				D715A5CD1E8E2DF1009A90F5 /* prng.c */,
				D715A5CE1E8E2DF1009A90F5 /* prng.h */,
				D715A5CF1E8E2DF1009A90F5 /* pwd2key.c */,
				D715A5D01E8E2DF1009A90F5 /* pwd2key.h */,
				D715A5D11E8E2DF1009A90F5 /* sha1.c */,
				D715A5D21E8E2DF1009A90F5 /* sha1.h */,
			);
			name = aes;
			sourceTree = "<group>";
		};
		D72E8A671E7FD05B005D8AAC /* Products */ = {
			isa = PBXGroup;
			children = (
				D72E8A6C1E7FD05B005D8AAC /* Alamofire.framework */,
			);
			name = Products;
			sourceTree = "<group>";
		};
		D72E8A721E7FD0AF005D8AAC /* Products */ = {
			isa = PBXGroup;
			children = (
				D72E8A761E7FD0B0005D8AAC /* SwiftyJSON.framework */,
			);
			name = Products;
			sourceTree = "<group>";
		};
		D72E8A7D1E7FD18E005D8AAC /* SQLiteDB */ = {
			isa = PBXGroup;
			children = (
				D72E8A7E1E7FD1B5005D8AAC /* Bridging-Header.h */,
				D72E8A7F1E7FD1B5005D8AAC /* data.db */,
				D72E8A801E7FD1B5005D8AAC /* SQLiteDB.swift */,
				D72E8A811E7FD1B5005D8AAC /* SQLTable.swift */,
				D72E8A821E7FD1B5005D8AAC /* String-Extras.swift */,
			);
			name = SQLiteDB;
			sourceTree = "<group>";
		};
		D72E8A871E7FD1DE005D8AAC /* Frameworks */ = {
			isa = PBXGroup;
			children = (
				D715A5B81E8E2C32009A90F5 /* libz.tbd */,
				D72E8A8A1E7FD1FB005D8AAC /* libsqlite3.tbd */,
				D72E8A881E7FD1DF005D8AAC /* libsqlite3.0.tbd */,
			);
			name = Frameworks;
			sourceTree = "<group>";
		};
		D72E8A901E7FD632005D8AAC /* Models */ = {
			isa = PBXGroup;
			children = (
				D72E8A911E7FD6BA005D8AAC /* AuthenUser.swift */,
			);
			name = Models;
			sourceTree = "<group>";
		};
		D73E2D331E7686160096A97A /* Base */ = {
			isa = PBXGroup;
			children = (
				D73E2D361E7686AB0096A97A /* BaseTabBarController.swift */,
				D73E2D341E76866F0096A97A /* BaseStoryBoardSegue.swift */,
				D76B303B1E7D516F00DEC7B2 /* BaseNavigationController.swift */,
			);
			name = Base;
			sourceTree = "<group>";
		};
		D7733E1A1E7BC56100E0AF1F /* Configuration */ = {
			isa = PBXGroup;
			children = (
				D7733E1B1E7BC5AF00E0AF1F /* GlobalAppSetting.swift */,
			);
			name = Configuration;
			sourceTree = "<group>";
		};
		D77D5D9D1E7A880600596138 /* Libraries */ = {
			isa = PBXGroup;
			children = (
				D7FB3AF81E8CE61000B31E1A /* NVActivityIndicatorView.xcodeproj */,
				D72E8A711E7FD0AF005D8AAC /* SwiftyJSON.xcodeproj */,
				D72E8A661E7FD05B005D8AAC /* Alamofire.xcodeproj */,
			);
			name = Libraries;
			sourceTree = "<group>";
		};
		D77EFB9E1E8E3B4D004ADFE3 /* Observer */ = {
			isa = PBXGroup;
			children = (
				D77EFB9F1E8E3B97004ADFE3 /* MenusObserver.swift */,
			);
			name = Observer;
			sourceTree = "<group>";
		};
		D7CEB3701E77D4CA003FC739 /* Utils */ = {
			isa = PBXGroup;
			children = (
				D766AC311E8CC89600A7A2F4 /* AlamofireHeaders.swift */,
				D7CEB3731E77DA86003FC739 /* AlertControllerUtils.swift */,
				D7CEB3741E77DA86003FC739 /* DateTimeUtils.swift */,
				D7D97C931E7A29CB001FA3D6 /* FileUtils.swift */,
				D7CEB3711E77D4EA003FC739 /* ImageUtils.swift */,
				D72E8A8C1E7FD2D2005D8AAC /* SQliteRepository.swift */,
				D7CEB3751E77DA86003FC739 /* TouchIDUtils.swift */,
			);
			name = Utils;
			sourceTree = "<group>";
		};
		D7D316801E76D430003A149C /* Extentisons */ = {
			isa = PBXGroup;
			children = (
				D7CEB3791E77DA98003FC739 /* NSDateExtension.swift */,
				D7CEB37A1E77DA98003FC739 /* NSObjectExtension.swift */,
			);
			name = Extentisons;
			sourceTree = "<group>";
		};
		D7FB3AF91E8CE61000B31E1A /* Products */ = {
			isa = PBXGroup;
			children = (
				D7FB3B001E8CE61000B31E1A /* NVActivityIndicatorView.framework */,
			);
			name = Products;
			sourceTree = "<group>";
		};
/* End PBXGroup section */

/* Begin PBXNativeTarget section */
		D70B22A81E4D86BD008DC4CA /* RekTecCRM */ = {
			isa = PBXNativeTarget;
			buildConfigurationList = D70B22BD1E4D86BD008DC4CA /* Build configuration list for PBXNativeTarget "RekTecCRM" */;
			buildPhases = (
				D70B22A51E4D86BD008DC4CA /* Sources */,
				D70B22A61E4D86BD008DC4CA /* Frameworks */,
				D70B22A71E4D86BD008DC4CA /* Resources */,
				D72E8A461E7FC985005D8AAC /* Embed Frameworks */,
			);
			buildRules = (
			);
			dependencies = (
				D72E8A701E7FD069005D8AAC /* PBXTargetDependency */,
				D72E8A7A1E7FD0BC005D8AAC /* PBXTargetDependency */,
			);
			name = RekTecCRM;
			productName = RekTecCRM;
			productReference = D70B22A91E4D86BD008DC4CA /* RekTecCRM.app */;
			productType = "com.apple.product-type.application";
		};
/* End PBXNativeTarget section */

/* Begin PBXProject section */
		D70B22A11E4D86BD008DC4CA /* Project object */ = {
			isa = PBXProject;
			attributes = {
				LastSwiftUpdateCheck = 0820;
				LastUpgradeCheck = 0820;
				ORGANIZATIONNAME = "Channing Kuo";
				TargetAttributes = {
					D70B22A81E4D86BD008DC4CA = {
						CreatedOnToolsVersion = 8.2.1;
						DevelopmentTeam = D8SS2MJDH3;
						ProvisioningStyle = Automatic;
					};
				};
			};
			buildConfigurationList = D70B22A41E4D86BD008DC4CA /* Build configuration list for PBXProject "RekTecCRM" */;
			compatibilityVersion = "Xcode 3.2";
			developmentRegion = English;
			hasScannedForEncodings = 0;
			knownRegions = (
				en,
				Base,
			);
			mainGroup = D70B22A01E4D86BD008DC4CA;
			productRefGroup = D70B22AA1E4D86BD008DC4CA /* Products */;
			projectDirPath = "";
			projectReferences = (
				{
					ProductGroup = D72E8A671E7FD05B005D8AAC /* Products */;
					ProjectRef = D72E8A661E7FD05B005D8AAC /* Alamofire.xcodeproj */;
				},
				{
					ProductGroup = D7FB3AF91E8CE61000B31E1A /* Products */;
					ProjectRef = D7FB3AF81E8CE61000B31E1A /* NVActivityIndicatorView.xcodeproj */;
				},
				{
					ProductGroup = D72E8A721E7FD0AF005D8AAC /* Products */;
					ProjectRef = D72E8A711E7FD0AF005D8AAC /* SwiftyJSON.xcodeproj */;
				},
			);
			projectRoot = "";
			targets = (
				D70B22A81E4D86BD008DC4CA /* RekTecCRM */,
			);
		};
/* End PBXProject section */

/* Begin PBXReferenceProxy section */
		D72E8A6C1E7FD05B005D8AAC /* Alamofire.framework */ = {
			isa = PBXReferenceProxy;
			fileType = wrapper.framework;
			path = Alamofire.framework;
			remoteRef = D72E8A6B1E7FD05B005D8AAC /* PBXContainerItemProxy */;
			sourceTree = BUILT_PRODUCTS_DIR;
		};
		D72E8A761E7FD0B0005D8AAC /* SwiftyJSON.framework */ = {
			isa = PBXReferenceProxy;
			fileType = wrapper.framework;
			path = SwiftyJSON.framework;
			remoteRef = D72E8A751E7FD0B0005D8AAC /* PBXContainerItemProxy */;
			sourceTree = BUILT_PRODUCTS_DIR;
		};
		D7FB3B001E8CE61000B31E1A /* NVActivityIndicatorView.framework */ = {
			isa = PBXReferenceProxy;
			fileType = wrapper.framework;
			path = NVActivityIndicatorView.framework;
			remoteRef = D7FB3AFF1E8CE61000B31E1A /* PBXContainerItemProxy */;
			sourceTree = BUILT_PRODUCTS_DIR;
		};
/* End PBXReferenceProxy section */

/* Begin PBXResourcesBuildPhase section */
		D70B22A71E4D86BD008DC4CA /* Resources */ = {
			isa = PBXResourcesBuildPhase;
			buildActionMask = 2147483647;
			files = (
				D7E40D461E7967C700CF73FF /* Launch Screen.storyboard in Resources */,
				D72E8A831E7FD1B5005D8AAC /* data.db in Resources */,
				D788E24C1E7943BC00B0DF1F /* Assets.xcassets in Resources */,
				D70B22B41E4D86BD008DC4CA /* Main.storyboard in Resources */,
				D715A5B51E8E2BDD009A90F5 /* Info.plist in Resources */,
			);
			runOnlyForDeploymentPostprocessing = 0;
		};
/* End PBXResourcesBuildPhase section */

/* Begin PBXSourcesBuildPhase section */
		D70B22A51E4D86BD008DC4CA /* Sources */ = {
			isa = PBXSourcesBuildPhase;
			buildActionMask = 2147483647;
			files = (
				D73E2D371E7686AB0096A97A /* BaseTabBarController.swift in Sources */,
				D715A5D31E8E2DF1009A90F5 /* aescrypt.c in Sources */,
				D73E2D351E76866F0096A97A /* BaseStoryBoardSegue.swift in Sources */,
				D715A5B61E8E2BDD009A90F5 /* SSZipArchive.m in Sources */,
				D7CEB3721E77D4EA003FC739 /* ImageUtils.swift in Sources */,
				D715A5D91E8E2DF1009A90F5 /* prng.c in Sources */,
				D715A5E71E8E2DFE009A90F5 /* unzip.c in Sources */,
				D72E8A841E7FD1B5005D8AAC /* SQLiteDB.swift in Sources */,
				D72E8A861E7FD1B5005D8AAC /* String-Extras.swift in Sources */,
				D715A5DB1E8E2DF1009A90F5 /* sha1.c in Sources */,
				D715A5BB1E8E2C75009A90F5 /* HTMLService.swift in Sources */,
				D70B22CC1E4DA207008DC4CA /* LoginViewController.swift in Sources */,
				D715A5D41E8E2DF1009A90F5 /* aeskey.c in Sources */,
				D715A5E81E8E2DFE009A90F5 /* zip.c in Sources */,
				D7CEB3761E77DA86003FC739 /* AlertControllerUtils.swift in Sources */,
				D715A5D61E8E2DF1009A90F5 /* entropy.c in Sources */,
				D72E8A921E7FD6BA005D8AAC /* AuthenUser.swift in Sources */,
				D72E8A8D1E7FD2D2005D8AAC /* SQliteRepository.swift in Sources */,
				D7733E1C1E7BC5AF00E0AF1F /* GlobalAppSetting.swift in Sources */,
				D715A5DA1E8E2DF1009A90F5 /* pwd2key.c in Sources */,
				D715A5B71E8E2BDD009A90F5 /* SSZipArchive+Swift.swift in Sources */,
				D70B22C41E4D9C54008DC4CA /* SecondViewController.swift in Sources */,
				D77EFBA01E8E3B97004ADFE3 /* MenusObserver.swift in Sources */,
				D715A5E51E8E2DFD009A90F5 /* ioapi.c in Sources */,
				D7CEB3771E77DA86003FC739 /* DateTimeUtils.swift in Sources */,
				D72E8A851E7FD1B5005D8AAC /* SQLTable.swift in Sources */,
				D715A5D51E8E2DF1009A90F5 /* aestab.c in Sources */,
				D7CEB37C1E77DA98003FC739 /* NSObjectExtension.swift in Sources */,
				D715A5D71E8E2DF1009A90F5 /* fileenc.c in Sources */,
				D70B22C71E4DA054008DC4CA /* FouthViewController.swift in Sources */,
				D701374B1E7E9811004986F3 /* UserService.swift in Sources */,
				D7D97C941E7A29CB001FA3D6 /* FileUtils.swift in Sources */,
				D766AC321E8CC89600A7A2F4 /* AlamofireHeaders.swift in Sources */,
				D70B22C81E4DA054008DC4CA /* ThirdViewController.swift in Sources */,
				D70B22AD1E4D86BD008DC4CA /* AppDelegate.swift in Sources */,
				D7CEB37B1E77DA98003FC739 /* NSDateExtension.swift in Sources */,
				D76B303C1E7D516F00DEC7B2 /* BaseNavigationController.swift in Sources */,
				D7CEB3781E77DA86003FC739 /* TouchIDUtils.swift in Sources */,
				D70B22C21E4D9C4C008DC4CA /* FirstViewController.swift in Sources */,
				D715A5D81E8E2DF1009A90F5 /* hmac.c in Sources */,
				D72E8A8F1E7FD3C2005D8AAC /* AuthenticationService.swift in Sources */,
				D715A5E61E8E2DFE009A90F5 /* mztools.c in Sources */,
			);
			runOnlyForDeploymentPostprocessing = 0;
		};
/* End PBXSourcesBuildPhase section */

/* Begin PBXTargetDependency section */
		D72E8A701E7FD069005D8AAC /* PBXTargetDependency */ = {
			isa = PBXTargetDependency;
			name = "Alamofire iOS";
			targetProxy = D72E8A6F1E7FD069005D8AAC /* PBXContainerItemProxy */;
		};
		D72E8A7A1E7FD0BC005D8AAC /* PBXTargetDependency */ = {
			isa = PBXTargetDependency;
			name = "SwiftyJSON iOS";
			targetProxy = D72E8A791E7FD0BC005D8AAC /* PBXContainerItemProxy */;
		};
/* End PBXTargetDependency section */

/* Begin PBXVariantGroup section */
		D70B22B21E4D86BD008DC4CA /* Main.storyboard */ = {
			isa = PBXVariantGroup;
			children = (
				D70B22B31E4D86BD008DC4CA /* Base */,
			);
			name = Main.storyboard;
			sourceTree = "<group>";
		};
		D7E40D441E7967C700CF73FF /* Launch Screen.storyboard */ = {
			isa = PBXVariantGroup;
			children = (
				D7E40D451E7967C700CF73FF /* Base */,
			);
			name = "Launch Screen.storyboard";
			sourceTree = "<group>";
		};
/* End PBXVariantGroup section */

/* Begin XCBuildConfiguration section */
		D70B22BB1E4D86BD008DC4CA /* Debug */ = {
			isa = XCBuildConfiguration;
			buildSettings = {
				ALWAYS_SEARCH_USER_PATHS = NO;
				CLANG_ANALYZER_NONNULL = YES;
				CLANG_CXX_LANGUAGE_STANDARD = "gnu++0x";
				CLANG_CXX_LIBRARY = "libc++";
				CLANG_ENABLE_MODULES = YES;
				CLANG_ENABLE_OBJC_ARC = YES;
				CLANG_WARN_BOOL_CONVERSION = YES;
				CLANG_WARN_CONSTANT_CONVERSION = YES;
				CLANG_WARN_DIRECT_OBJC_ISA_USAGE = YES_ERROR;
				CLANG_WARN_DOCUMENTATION_COMMENTS = YES;
				CLANG_WARN_EMPTY_BODY = YES;
				CLANG_WARN_ENUM_CONVERSION = YES;
				CLANG_WARN_INFINITE_RECURSION = YES;
				CLANG_WARN_INT_CONVERSION = YES;
				CLANG_WARN_OBJC_ROOT_CLASS = YES_ERROR;
				CLANG_WARN_SUSPICIOUS_MOVE = YES;
				CLANG_WARN_UNREACHABLE_CODE = YES;
				CLANG_WARN__DUPLICATE_METHOD_MATCH = YES;
				"CODE_SIGN_IDENTITY[sdk=iphoneos*]" = "iPhone Developer";
				COPY_PHASE_STRIP = NO;
				DEBUG_INFORMATION_FORMAT = dwarf;
				ENABLE_STRICT_OBJC_MSGSEND = YES;
				ENABLE_TESTABILITY = YES;
				GCC_C_LANGUAGE_STANDARD = gnu99;
				GCC_DYNAMIC_NO_PIC = NO;
				GCC_NO_COMMON_BLOCKS = YES;
				GCC_OPTIMIZATION_LEVEL = 0;
				GCC_PREPROCESSOR_DEFINITIONS = (
					"DEBUG=1",
					"$(inherited)",
				);
				GCC_WARN_64_TO_32_BIT_CONVERSION = YES;
				GCC_WARN_ABOUT_RETURN_TYPE = YES_ERROR;
				GCC_WARN_UNDECLARED_SELECTOR = YES;
				GCC_WARN_UNINITIALIZED_AUTOS = YES_AGGRESSIVE;
				GCC_WARN_UNUSED_FUNCTION = YES;
				GCC_WARN_UNUSED_VARIABLE = YES;
				IPHONEOS_DEPLOYMENT_TARGET = 10.2;
				MTL_ENABLE_DEBUG_INFO = YES;
				ONLY_ACTIVE_ARCH = YES;
				SDKROOT = iphoneos;
				SWIFT_ACTIVE_COMPILATION_CONDITIONS = DEBUG;
				SWIFT_OPTIMIZATION_LEVEL = "-Onone";
			};
			name = Debug;
		};
		D70B22BC1E4D86BD008DC4CA /* Release */ = {
			isa = XCBuildConfiguration;
			buildSettings = {
				ALWAYS_SEARCH_USER_PATHS = NO;
				CLANG_ANALYZER_NONNULL = YES;
				CLANG_CXX_LANGUAGE_STANDARD = "gnu++0x";
				CLANG_CXX_LIBRARY = "libc++";
				CLANG_ENABLE_MODULES = YES;
				CLANG_ENABLE_OBJC_ARC = YES;
				CLANG_WARN_BOOL_CONVERSION = YES;
				CLANG_WARN_CONSTANT_CONVERSION = YES;
				CLANG_WARN_DIRECT_OBJC_ISA_USAGE = YES_ERROR;
				CLANG_WARN_DOCUMENTATION_COMMENTS = YES;
				CLANG_WARN_EMPTY_BODY = YES;
				CLANG_WARN_ENUM_CONVERSION = YES;
				CLANG_WARN_INFINITE_RECURSION = YES;
				CLANG_WARN_INT_CONVERSION = YES;
				CLANG_WARN_OBJC_ROOT_CLASS = YES_ERROR;
				CLANG_WARN_SUSPICIOUS_MOVE = YES;
				CLANG_WARN_UNREACHABLE_CODE = YES;
				CLANG_WARN__DUPLICATE_METHOD_MATCH = YES;
				"CODE_SIGN_IDENTITY[sdk=iphoneos*]" = "iPhone Developer";
				COPY_PHASE_STRIP = NO;
				DEBUG_INFORMATION_FORMAT = "dwarf-with-dsym";
				ENABLE_NS_ASSERTIONS = NO;
				ENABLE_STRICT_OBJC_MSGSEND = YES;
				GCC_C_LANGUAGE_STANDARD = gnu99;
				GCC_NO_COMMON_BLOCKS = YES;
				GCC_WARN_64_TO_32_BIT_CONVERSION = YES;
				GCC_WARN_ABOUT_RETURN_TYPE = YES_ERROR;
				GCC_WARN_UNDECLARED_SELECTOR = YES;
				GCC_WARN_UNINITIALIZED_AUTOS = YES_AGGRESSIVE;
				GCC_WARN_UNUSED_FUNCTION = YES;
				GCC_WARN_UNUSED_VARIABLE = YES;
				IPHONEOS_DEPLOYMENT_TARGET = 10.2;
				MTL_ENABLE_DEBUG_INFO = NO;
				SDKROOT = iphoneos;
				SWIFT_OPTIMIZATION_LEVEL = "-Owholemodule";
				VALIDATE_PRODUCT = YES;
			};
			name = Release;
		};
		D70B22BE1E4D86BD008DC4CA /* Debug */ = {
			isa = XCBuildConfiguration;
			buildSettings = {
				ALWAYS_EMBED_SWIFT_STANDARD_LIBRARIES = YES;
				ASSETCATALOG_COMPILER_APPICON_NAME = AppIcon;
				DEVELOPMENT_TEAM = D8SS2MJDH3;
				INFOPLIST_FILE = RekTecCRM/Info.plist;
				IPHONEOS_DEPLOYMENT_TARGET = 9.0;
				LD_RUNPATH_SEARCH_PATHS = "$(inherited) @executable_path/Frameworks";
				PRODUCT_BUNDLE_IDENTIFIER = RekTecCRM;
				PRODUCT_NAME = "$(TARGET_NAME)";
				SWIFT_OBJC_BRIDGING_HEADER = "RekTecCRM/SQliteDB/Bridging-Header.h";
				SWIFT_VERSION = 3.0;
			};
			name = Debug;
		};
		D70B22BF1E4D86BD008DC4CA /* Release */ = {
			isa = XCBuildConfiguration;
			buildSettings = {
				ALWAYS_EMBED_SWIFT_STANDARD_LIBRARIES = YES;
				ASSETCATALOG_COMPILER_APPICON_NAME = AppIcon;
				DEVELOPMENT_TEAM = D8SS2MJDH3;
				INFOPLIST_FILE = RekTecCRM/Info.plist;
				IPHONEOS_DEPLOYMENT_TARGET = 9.0;
				LD_RUNPATH_SEARCH_PATHS = "$(inherited) @executable_path/Frameworks";
				PRODUCT_BUNDLE_IDENTIFIER = RekTecCRM;
				PRODUCT_NAME = "$(TARGET_NAME)";
				SWIFT_OBJC_BRIDGING_HEADER = "RekTecCRM/SQliteDB/Bridging-Header.h";
				SWIFT_VERSION = 3.0;
			};
			name = Release;
		};
/* End XCBuildConfiguration section */

/* Begin XCConfigurationList section */
		D70B22A41E4D86BD008DC4CA /* Build configuration list for PBXProject "RekTecCRM" */ = {
			isa = XCConfigurationList;
			buildConfigurations = (
				D70B22BB1E4D86BD008DC4CA /* Debug */,
				D70B22BC1E4D86BD008DC4CA /* Release */,
			);
			defaultConfigurationIsVisible = 0;
			defaultConfigurationName = Release;
		};
		D70B22BD1E4D86BD008DC4CA /* Build configuration list for PBXNativeTarget "RekTecCRM" */ = {
			isa = XCConfigurationList;
			buildConfigurations = (
				D70B22BE1E4D86BD008DC4CA /* Debug */,
				D70B22BF1E4D86BD008DC4CA /* Release */,
			);
			defaultConfigurationIsVisible = 0;
			defaultConfigurationName = Release;
		};
/* End XCConfigurationList section */
	};
	rootObject = D70B22A11E4D86BD008DC4CA /* Project object */;
}
